
Microsoft Visual Studio Solution File, Format Version 12.00
# Visual Studio Version 17
VisualStudioVersion = 17.0.32014.148
MinimumVisualStudioVersion = 10.0.40219.1
Project("{9A19103F-16F7-4668-BE54-9A1E7A4F7556}") = "Zropbox", "Zropbox\Zropbox.csproj", "{BEBE8BD4-5B52-49A8-943E-5DAA9627080D}"
EndProject
Global
	GlobalSection(SolutionConfigurationPlatforms) = preSolution
		Debug|Any CPU = Debug|Any CPU
		Release|Any CPU = Release|Any CPU
	EndGlobalSection
	GlobalSection(ProjectConfigurationPlatforms) = postSolution
		{BEBE8BD4-5B52-49A8-943E-5DAA9627080D}.Debug|Any CPU.ActiveCfg = Debug|Any CPU
		{BEBE8BD4-5B52-49A8-943E-5DAA9627080D}.Debug|Any CPU.Build.0 = Debug|Any CPU
		{BEBE8BD4-5B52-49A8-943E-5DAA9627080D}.Release|Any CPU.ActiveCfg = Release|Any CPU
		{BEBE8BD4-5B52-49A8-943E-5DAA9627080D}.Release|Any CPU.Build.0 = Release|Any CPU
	EndGlobalSection
	GlobalSection(SolutionProperties) = preSolution
		HideSolutionNode = FALSE
	EndGlobalSection
	GlobalSection(ExtensibilityGlobals) = postSolution
		SolutionGuid = {5A0E600F-DD88-43C1-B766-5EA95777CE30}
	EndGlobalSection
EndGlobal
